// !$*UTF8*$!
{
	archiveVersion = 1;
	classes = {
	};
	objectVersion = 46;
	objects = {

/* Begin PBXBuildFile section */
		491AC2B71A2640D300FDC5FC /* MartyStatus.swift in Sources */ = {isa = PBXBuildFile; fileRef = 491AC2B61A2640D300FDC5FC /* MartyStatus.swift */; };
		492A46061A20F3640086FE35 /* AppDelegate.swift in Sources */ = {isa = PBXBuildFile; fileRef = 492A46051A20F3640086FE35 /* AppDelegate.swift */; };
		492A46081A20F3640086FE35 /* ViewController.swift in Sources */ = {isa = PBXBuildFile; fileRef = 492A46071A20F3640086FE35 /* ViewController.swift */; };
		492A460B1A20F3640086FE35 /* Main.storyboard in Resources */ = {isa = PBXBuildFile; fileRef = 492A46091A20F3640086FE35 /* Main.storyboard */; };
		492A460D1A20F3640086FE35 /* Images.xcassets in Resources */ = {isa = PBXBuildFile; fileRef = 492A460C1A20F3640086FE35 /* Images.xcassets */; };
		492A46271A20F45A0086FE35 /* quiz.json in Resources */ = {isa = PBXBuildFile; fileRef = 492A46261A20F45A0086FE35 /* quiz.json */; };
		492A462A1A20F6670086FE35 /* dino1.png in Resources */ = {isa = PBXBuildFile; fileRef = 492A46291A20F6670086FE35 /* dino1.png */; };
		492A462C1A20F72E0086FE35 /* dino2.png in Resources */ = {isa = PBXBuildFile; fileRef = 492A462B1A20F72E0086FE35 /* dino2.png */; };
		492A462F1A21C61A0086FE35 /* PASImageView.swift in Sources */ = {isa = PBXBuildFile; fileRef = 492A462E1A21C61A0086FE35 /* PASImageView.swift */; };
		492A46321A21C77A0086FE35 /* question.png in Resources */ = {isa = PBXBuildFile; fileRef = 492A46311A21C77A0086FE35 /* question.png */; };
		492A46361A21C8C90086FE35 /* dino5.png in Resources */ = {isa = PBXBuildFile; fileRef = 492A46331A21C8C90086FE35 /* dino5.png */; };
		492A46371A21C8C90086FE35 /* dino4.png in Resources */ = {isa = PBXBuildFile; fileRef = 492A46341A21C8C90086FE35 /* dino4.png */; };
		492A46381A21C8C90086FE35 /* dino3.png in Resources */ = {isa = PBXBuildFile; fileRef = 492A46351A21C8C90086FE35 /* dino3.png */; };
		49516C061A3D871B00DDE9F3 /* SwiftyJSON.swift in Sources */ = {isa = PBXBuildFile; fileRef = 49516C051A3D871B00DDE9F3 /* SwiftyJSON.swift */; };
		498CAFF21A973FC200D4F839 /* Default-568h@2x.png in Resources */ = {isa = PBXBuildFile; fileRef = 498CAFF11A973FC200D4F839 /* Default-568h@2x.png */; };
		498CAFF41A9749FA00D4F839 /* AVFoundation.framework in Frameworks */ = {isa = PBXBuildFile; fileRef = 498CAFF31A9749FA00D4F839 /* AVFoundation.framework */; };
		498CAFF71A974A9600D4F839 /* background_music.wav in Resources */ = {isa = PBXBuildFile; fileRef = 498CAFF61A974A9600D4F839 /* background_music.wav */; };
		498CAFFA1A974E9100D4F839 /* win.wav in Resources */ = {isa = PBXBuildFile; fileRef = 498CAFF81A974E9100D4F839 /* win.wav */; };
		498CAFFB1A974E9100D4F839 /* lost.wav in Resources */ = {isa = PBXBuildFile; fileRef = 498CAFF91A974E9100D4F839 /* lost.wav */; };
		498CAFFD1A974ECB00D4F839 /* GameSounds.swift in Sources */ = {isa = PBXBuildFile; fileRef = 498CAFFC1A974ECB00D4F839 /* GameSounds.swift */; };
		49B87E1C1A2682DD00A98470 /* wrong.png in Resources */ = {isa = PBXBuildFile; fileRef = 49B87E1A1A2682DD00A98470 /* wrong.png */; };
		49B87E1D1A2682DD00A98470 /* right.png in Resources */ = {isa = PBXBuildFile; fileRef = 49B87E1B1A2682DD00A98470 /* right.png */; };
/* End PBXBuildFile section */

/* Begin PBXFileReference section */
		491AC2B61A2640D300FDC5FC /* MartyStatus.swift */ = {isa = PBXFileReference; fileEncoding = 4; lastKnownFileType = sourcecode.swift; path = MartyStatus.swift; sourceTree = "<group>"; };
		492A46001A20F3640086FE35 /* Marty Quiz.app */ = {isa = PBXFileReference; explicitFileType = wrapper.application; includeInIndex = 0; path = "Marty Quiz.app"; sourceTree = BUILT_PRODUCTS_DIR; };
		492A46041A20F3640086FE35 /* Info.plist */ = {isa = PBXFileReference; lastKnownFileType = text.plist.xml; path = Info.plist; sourceTree = "<group>"; };
		492A46051A20F3640086FE35 /* AppDelegate.swift */ = {isa = PBXFileReference; lastKnownFileType = sourcecode.swift; path = AppDelegate.swift; sourceTree = "<group>"; };
		492A46071A20F3640086FE35 /* ViewController.swift */ = {isa = PBXFileReference; lastKnownFileType = sourcecode.swift; path = ViewController.swift; sourceTree = "<group>"; };
		492A460A1A20F3640086FE35 /* Base */ = {isa = PBXFileReference; lastKnownFileType = file.storyboard; name = Base; path = Base.lproj/Main.storyboard; sourceTree = "<group>"; };
		492A460C1A20F3640086FE35 /* Images.xcassets */ = {isa = PBXFileReference; lastKnownFileType = folder.assetcatalog; path = Images.xcassets; sourceTree = "<group>"; };
		492A46261A20F45A0086FE35 /* quiz.json */ = {isa = PBXFileReference; fileEncoding = 4; lastKnownFileType = text.json; path = quiz.json; sourceTree = "<group>"; };
		492A46291A20F6670086FE35 /* dino1.png */ = {isa = PBXFileReference; lastKnownFileType = image.png; path = dino1.png; sourceTree = "<group>"; };
		492A462B1A20F72E0086FE35 /* dino2.png */ = {isa = PBXFileReference; lastKnownFileType = image.png; path = dino2.png; sourceTree = "<group>"; };
		492A462E1A21C61A0086FE35 /* PASImageView.swift */ = {isa = PBXFileReference; fileEncoding = 4; lastKnownFileType = sourcecode.swift; path = PASImageView.swift; sourceTree = "<group>"; };
		492A46311A21C77A0086FE35 /* question.png */ = {isa = PBXFileReference; lastKnownFileType = image.png; path = question.png; sourceTree = "<group>"; };
		492A46331A21C8C90086FE35 /* dino5.png */ = {isa = PBXFileReference; lastKnownFileType = image.png; path = dino5.png; sourceTree = "<group>"; };
		492A46341A21C8C90086FE35 /* dino4.png */ = {isa = PBXFileReference; lastKnownFileType = image.png; path = dino4.png; sourceTree = "<group>"; };
		492A46351A21C8C90086FE35 /* dino3.png */ = {isa = PBXFileReference; lastKnownFileType = image.png; path = dino3.png; sourceTree = "<group>"; };
		49516C051A3D871B00DDE9F3 /* SwiftyJSON.swift */ = {isa = PBXFileReference; fileEncoding = 4; lastKnownFileType = sourcecode.swift; path = SwiftyJSON.swift; sourceTree = "<group>"; };
		498CAFF11A973FC200D4F839 /* Default-568h@2x.png */ = {isa = PBXFileReference; lastKnownFileType = image.png; path = "Default-568h@2x.png"; sourceTree = "<group>"; };
		498CAFF31A9749FA00D4F839 /* AVFoundation.framework */ = {isa = PBXFileReference; lastKnownFileType = wrapper.framework; name = AVFoundation.framework; path = System/Library/Frameworks/AVFoundation.framework; sourceTree = SDKROOT; };
		498CAFF61A974A9600D4F839 /* background_music.wav */ = {isa = PBXFileReference; lastKnownFileType = audio.wav; path = background_music.wav; sourceTree = "<group>"; };
		498CAFF81A974E9100D4F839 /* win.wav */ = {isa = PBXFileReference; lastKnownFileType = audio.wav; path = win.wav; sourceTree = "<group>"; };
		498CAFF91A974E9100D4F839 /* lost.wav */ = {isa = PBXFileReference; lastKnownFileType = audio.wav; path = lost.wav; sourceTree = "<group>"; };
		498CAFFC1A974ECB00D4F839 /* GameSounds.swift */ = {isa = PBXFileReference; fileEncoding = 4; lastKnownFileType = sourcecode.swift; path = GameSounds.swift; sourceTree = "<group>"; };
		49B87E1A1A2682DD00A98470 /* wrong.png */ = {isa = PBXFileReference; lastKnownFileType = image.png; path = wrong.png; sourceTree = "<group>"; };
		49B87E1B1A2682DD00A98470 /* right.png */ = {isa = PBXFileReference; lastKnownFileType = image.png; path = right.png; sourceTree = "<group>"; };
/* End PBXFileReference section */

/* Begin PBXFrameworksBuildPhase section */
		492A45FD1A20F3640086FE35 /* Frameworks */ = {
			isa = PBXFrameworksBuildPhase;
			buildActionMask = 2147483647;
			files = (
				498CAFF41A9749FA00D4F839 /* AVFoundation.framework in Frameworks */,
			);
			runOnlyForDeploymentPostprocessing = 0;
		};
/* End PBXFrameworksBuildPhase section */

/* Begin PBXGroup section */
		492A45F71A20F3640086FE35 = {
			isa = PBXGroup;
			children = (
				498CAFF31A9749FA00D4F839 /* AVFoundation.framework */,
				498CAFF11A973FC200D4F839 /* Default-568h@2x.png */,
				492A46021A20F3640086FE35 /* jurassic Marty */,
				492A46011A20F3640086FE35 /* Products */,
			);
			sourceTree = "<group>";
		};
		492A46011A20F3640086FE35 /* Products */ = {
			isa = PBXGroup;
			children = (
				492A46001A20F3640086FE35 /* Marty Quiz.app */,
			);
			name = Products;
			sourceTree = "<group>";
		};
		492A46021A20F3640086FE35 /* jurassic Marty */ = {
			isa = PBXGroup;
			children = (
				498CAFF51A974A7C00D4F839 /* Sounds */,
				49516C051A3D871B00DDE9F3 /* SwiftyJSON.swift */,
				492A46301A21C73C0086FE35 /* Marty Images */,
				492A462D1A21C5F90086FE35 /* Libs */,
				492A46281A20F6010086FE35 /* Dino Images */,
				492A46251A20F43C0086FE35 /* Data */,
				492A46051A20F3640086FE35 /* AppDelegate.swift */,
				492A46071A20F3640086FE35 /* ViewController.swift */,
				492A46091A20F3640086FE35 /* Main.storyboard */,
				492A460C1A20F3640086FE35 /* Images.xcassets */,
				492A46031A20F3640086FE35 /* Supporting Files */,
				491AC2B61A2640D300FDC5FC /* MartyStatus.swift */,
				498CAFFC1A974ECB00D4F839 /* GameSounds.swift */,
			);
			path = "jurassic Marty";
			sourceTree = "<group>";
		};
		492A46031A20F3640086FE35 /* Supporting Files */ = {
			isa = PBXGroup;
			children = (
				492A46041A20F3640086FE35 /* Info.plist */,
			);
			name = "Supporting Files";
			sourceTree = "<group>";
		};
		492A46251A20F43C0086FE35 /* Data */ = {
			isa = PBXGroup;
			children = (
				492A46261A20F45A0086FE35 /* quiz.json */,
			);
			path = Data;
			sourceTree = "<group>";
		};
		492A46281A20F6010086FE35 /* Dino Images */ = {
			isa = PBXGroup;
			children = (
				492A46331A21C8C90086FE35 /* dino5.png */,
				492A46341A21C8C90086FE35 /* dino4.png */,
				492A46351A21C8C90086FE35 /* dino3.png */,
				492A462B1A20F72E0086FE35 /* dino2.png */,
				492A46291A20F6670086FE35 /* dino1.png */,
			);
			path = "Dino Images";
			sourceTree = "<group>";
		};
		492A462D1A21C5F90086FE35 /* Libs */ = {
			isa = PBXGroup;
			children = (
				492A462E1A21C61A0086FE35 /* PASImageView.swift */,
			);
			path = Libs;
			sourceTree = "<group>";
		};
		492A46301A21C73C0086FE35 /* Marty Images */ = {
			isa = PBXGroup;
			children = (
				49B87E1A1A2682DD00A98470 /* wrong.png */,
				49B87E1B1A2682DD00A98470 /* right.png */,
				492A46311A21C77A0086FE35 /* question.png */,
			);
			path = "Marty Images";
			sourceTree = "<group>";
		};
		498CAFF51A974A7C00D4F839 /* Sounds */ = {
			isa = PBXGroup;
			children = (
				498CAFF81A974E9100D4F839 /* win.wav */,
				498CAFF91A974E9100D4F839 /* lost.wav */,
				498CAFF61A974A9600D4F839 /* background_music.wav */,
			);
			path = Sounds;
			sourceTree = "<group>";
		};
/* End PBXGroup section */

/* Begin PBXNativeTarget section */
		492A45FF1A20F3640086FE35 /* Marty Quiz */ = {
			isa = PBXNativeTarget;
			buildConfigurationList = 492A461F1A20F3640086FE35 /* Build configuration list for PBXNativeTarget "Marty Quiz" */;
			buildPhases = (
				492A45FC1A20F3640086FE35 /* Sources */,
				492A45FD1A20F3640086FE35 /* Frameworks */,
				492A45FE1A20F3640086FE35 /* Resources */,
			);
			buildRules = (
			);
			dependencies = (
			);
			name = "Marty Quiz";
			productName = "jurassic Marty";
			productReference = 492A46001A20F3640086FE35 /* Marty Quiz.app */;
			productType = "com.apple.product-type.application";
		};
/* End PBXNativeTarget section */

/* Begin PBXProject section */
		492A45F81A20F3640086FE35 /* Project object */ = {
			isa = PBXProject;
			attributes = {
				LastUpgradeCheck = 0610;
				ORGANIZATIONNAME = "Martina Guglielmino";
				TargetAttributes = {
					492A45FF1A20F3640086FE35 = {
						CreatedOnToolsVersion = 6.1;
						DevelopmentTeam = BZ4JZEU4MY;
					};
				};
			};
			buildConfigurationList = 492A45FB1A20F3640086FE35 /* Build configuration list for PBXProject "Marty Quiz" */;
			compatibilityVersion = "Xcode 3.2";
			developmentRegion = English;
			hasScannedForEncodings = 0;
			knownRegions = (
				en,
				Base,
			);
			mainGroup = 492A45F71A20F3640086FE35;
			productRefGroup = 492A46011A20F3640086FE35 /* Products */;
			projectDirPath = "";
			projectRoot = "";
			targets = (
				492A45FF1A20F3640086FE35 /* Marty Quiz */,
			);
		};
/* End PBXProject section */

/* Begin PBXResourcesBuildPhase section */
		492A45FE1A20F3640086FE35 /* Resources */ = {
			isa = PBXResourcesBuildPhase;
			buildActionMask = 2147483647;
			files = (
				498CAFFB1A974E9100D4F839 /* lost.wav in Resources */,
				492A460B1A20F3640086FE35 /* Main.storyboard in Resources */,
				498CAFF71A974A9600D4F839 /* background_music.wav in Resources */,
				492A46321A21C77A0086FE35 /* question.png in Resources */,
				492A46361A21C8C90086FE35 /* dino5.png in Resources */,
				492A46271A20F45A0086FE35 /* quiz.json in Resources */,
				492A46381A21C8C90086FE35 /* dino3.png in Resources */,
				498CAFF21A973FC200D4F839 /* Default-568h@2x.png in Resources */,
				498CAFFA1A974E9100D4F839 /* win.wav in Resources */,
				49B87E1D1A2682DD00A98470 /* right.png in Resources */,
				492A460D1A20F3640086FE35 /* Images.xcassets in Resources */,
				492A462C1A20F72E0086FE35 /* dino2.png in Resources */,
				492A46371A21C8C90086FE35 /* dino4.png in Resources */,
				492A462A1A20F6670086FE35 /* dino1.png in Resources */,
				49B87E1C1A2682DD00A98470 /* wrong.png in Resources */,
			);
			runOnlyForDeploymentPostprocessing = 0;
		};
/* End PBXResourcesBuildPhase section */

/* Begin PBXSourcesBuildPhase section */
		492A45FC1A20F3640086FE35 /* Sources */ = {
			isa = PBXSourcesBuildPhase;
			buildActionMask = 2147483647;
			files = (
				492A462F1A21C61A0086FE35 /* PASImageView.swift in Sources */,
				491AC2B71A2640D300FDC5FC /* MartyStatus.swift in Sources */,
				492A46081A20F3640086FE35 /* ViewController.swift in Sources */,
				49516C061A3D871B00DDE9F3 /* SwiftyJSON.swift in Sources */,
				492A46061A20F3640086FE35 /* AppDelegate.swift in Sources */,
				498CAFFD1A974ECB00D4F839 /* GameSounds.swift in Sources */,
			);
			runOnlyForDeploymentPostprocessing = 0;
		};
/* End PBXSourcesBuildPhase section */

/* Begin PBXVariantGroup section */
		492A46091A20F3640086FE35 /* Main.storyboard */ = {
			isa = PBXVariantGroup;
			children = (
				492A460A1A20F3640086FE35 /* Base */,
			);
			name = Main.storyboard;
			sourceTree = "<group>";
		};
/* End PBXVariantGroup section */

/* Begin XCBuildConfiguration section */
		492A461D1A20F3640086FE35 /* Debug */ = {
			isa = XCBuildConfiguration;
			buildSettings = {
				ALWAYS_SEARCH_USER_PATHS = NO;
				CLANG_CXX_LANGUAGE_STANDARD = "gnu++0x";
				CLANG_CXX_LIBRARY = "libc++";
				CLANG_ENABLE_MODULES = YES;
				CLANG_ENABLE_OBJC_ARC = YES;
				CLANG_WARN_BOOL_CONVERSION = YES;
				CLANG_WARN_CONSTANT_CONVERSION = YES;
				CLANG_WARN_DIRECT_OBJC_ISA_USAGE = YES_ERROR;
				CLANG_WARN_EMPTY_BODY = YES;
				CLANG_WARN_ENUM_CONVERSION = YES;
				CLANG_WARN_INT_CONVERSION = YES;
				CLANG_WARN_OBJC_ROOT_CLASS = YES_ERROR;
				CLANG_WARN_UNREACHABLE_CODE = YES;
				CLANG_WARN__DUPLICATE_METHOD_MATCH = YES;
				"CODE_SIGN_IDENTITY[sdk=iphoneos*]" = "iPhone Developer";
				COPY_PHASE_STRIP = NO;
				ENABLE_STRICT_OBJC_MSGSEND = YES;
				GCC_C_LANGUAGE_STANDARD = gnu99;
				GCC_DYNAMIC_NO_PIC = NO;
				GCC_OPTIMIZATION_LEVEL = 0;
				GCC_PREPROCESSOR_DEFINITIONS = (
					"DEBUG=1",
					"$(inherited)",
				);
				GCC_SYMBOLS_PRIVATE_EXTERN = NO;
				GCC_WARN_64_TO_32_BIT_CONVERSION = YES;
				GCC_WARN_ABOUT_RETURN_TYPE = YES_ERROR;
				GCC_WARN_UNDECLARED_SELECTOR = YES;
				GCC_WARN_UNINITIALIZED_AUTOS = YES_AGGRESSIVE;
				GCC_WARN_UNUSED_FUNCTION = YES;
				GCC_WARN_UNUSED_VARIABLE = YES;
				IPHONEOS_DEPLOYMENT_TARGET = 8.1;
				MTL_ENABLE_DEBUG_INFO = YES;
				ONLY_ACTIVE_ARCH = YES;
				SDKROOT = iphoneos;
				SWIFT_OPTIMIZATION_LEVEL = "-Onone";
				TARGETED_DEVICE_FAMILY = "1,2";
			};
			name = Debug;
		};
		492A461E1A20F3640086FE35 /* Release */ = {
			isa = XCBuildConfiguration;
			buildSettings = {
				ALWAYS_SEARCH_USER_PATHS = NO;
				CLANG_CXX_LANGUAGE_STANDARD = "gnu++0x";
				CLANG_CXX_LIBRARY = "libc++";
				CLANG_ENABLE_MODULES = YES;
				CLANG_ENABLE_OBJC_ARC = YES;
				CLANG_WARN_BOOL_CONVERSION = YES;
				CLANG_WARN_CONSTANT_CONVERSION = YES;
				CLANG_WARN_DIRECT_OBJC_ISA_USAGE = YES_ERROR;
				CLANG_WARN_EMPTY_BODY = YES;
				CLANG_WARN_ENUM_CONVERSION = YES;
				CLANG_WARN_INT_CONVERSION = YES;
				CLANG_WARN_OBJC_ROOT_CLASS = YES_ERROR;
				CLANG_WARN_UNREACHABLE_CODE = YES;
				CLANG_WARN__DUPLICATE_METHOD_MATCH = YES;
				"CODE_SIGN_IDENTITY[sdk=iphoneos*]" = "iPhone Developer";
				COPY_PHASE_STRIP = YES;
				ENABLE_NS_ASSERTIONS = NO;
				ENABLE_STRICT_OBJC_MSGSEND = YES;
				GCC_C_LANGUAGE_STANDARD = gnu99;
				GCC_WARN_64_TO_32_BIT_CONVERSION = YES;
				GCC_WARN_ABOUT_RETURN_TYPE = YES_ERROR;
				GCC_WARN_UNDECLARED_SELECTOR = YES;
				GCC_WARN_UNINITIALIZED_AUTOS = YES_AGGRESSIVE;
				GCC_WARN_UNUSED_FUNCTION = YES;
				GCC_WARN_UNUSED_VARIABLE = YES;
				IPHONEOS_DEPLOYMENT_TARGET = 8.1;
				MTL_ENABLE_DEBUG_INFO = NO;
				SDKROOT = iphoneos;
				TARGETED_DEVICE_FAMILY = "1,2";
				VALIDATE_PRODUCT = YES;
			};
			name = Release;
		};
		492A46201A20F3640086FE35 /* Debug */ = {
			isa = XCBuildConfiguration;
			buildSettings = {
				ASSETCATALOG_COMPILER_APPICON_NAME = AppIcon;
				CODE_SIGN_IDENTITY = "iPhone Developer";
				INFOPLIST_FILE = "jurassic Marty/Info.plist";
				IPHONEOS_DEPLOYMENT_TARGET = 8.0;
				LD_RUNPATH_SEARCH_PATHS = "$(inherited) @executable_path/Frameworks";
				PRODUCT_NAME = "Marty Quiz";
				TARGETED_DEVICE_FAMILY = "1,2";
			};
			name = Debug;
		};
		492A46211A20F3640086FE35 /* Release */ = {
			isa = XCBuildConfiguration;
			buildSettings = {
				ASSETCATALOG_COMPILER_APPICON_NAME = AppIcon;
				CODE_SIGN_IDENTITY = "iPhone Developer";
				INFOPLIST_FILE = "jurassic Marty/Info.plist";
				IPHONEOS_DEPLOYMENT_TARGET = 8.0;
				LD_RUNPATH_SEARCH_PATHS = "$(inherited) @executable_path/Frameworks";
				PRODUCT_NAME = "Marty Quiz";
				TARGETED_DEVICE_FAMILY = "1,2";
			};
			name = Release;
		};
/* End XCBuildConfiguration section */

/* Begin XCConfigurationList section */
		492A45FB1A20F3640086FE35 /* Build configuration list for PBXProject "Marty Quiz" */ = {
			isa = XCConfigurationList;
			buildConfigurations = (
				492A461D1A20F3640086FE35 /* Debug */,
				492A461E1A20F3640086FE35 /* Release */,
			);
			defaultConfigurationIsVisible = 0;
			defaultConfigurationName = Release;
		};
		492A461F1A20F3640086FE35 /* Build configuration list for PBXNativeTarget "Marty Quiz" */ = {
			isa = XCConfigurationList;
			buildConfigurations = (
				492A46201A20F3640086FE35 /* Debug */,
				492A46211A20F3640086FE35 /* Release */,
			);
			defaultConfigurationIsVisible = 0;
			defaultConfigurationName = Release;
		};
/* End XCConfigurationList section */
	};
	rootObject = 492A45F81A20F3640086FE35 /* Project object */;
}
